lockVersion: 2.0.0
id: 7a325036-3775-49d3-8a36-a3bc17a3eb01
management:
  docChecksum: 4cf9c744165eddd5e38e3c149389a9ef
  docVersion: 1.0.19
  speakeasyVersion: 1.213.0
  generationVersion: 2.283.1
  releaseVersion: 2.1.6
  configChecksum: 34c218306c8ed1832e35182613c1a52f
  repoURL: https://github.com/speakeasy-sdks/test.git
  repoSubDirectory: .
  installationURL: https://github.com/speakeasy-sdks/test
features:
  typescript:
    acceptHeaders: 2.81.1
    core: 3.4.8
    globalSecurity: 2.82.5
    globalServerURLs: 2.82.2
    methodSecurity: 2.82.0
generatedFiles:
  - src/sdk/pet.ts
  - src/sdk/store.ts
  - src/sdk/user.ts
  - src/sdk/sdk.ts
  - .eslintrc.yml
  - jest.config.js
  - package-lock.json
  - package.json
  - src/index.ts
  - src/internal/utils/contenttype.ts
  - src/internal/utils/headers.ts
  - src/internal/utils/index.ts
  - src/internal/utils/pathparams.ts
  - src/internal/utils/queryparams.ts
  - src/internal/utils/requestbody.ts
  - src/internal/utils/retries.ts
  - src/internal/utils/security.ts
  - src/internal/utils/utils.ts
  - src/sdk/index.ts
  - src/sdk/models/errors/sdkerror.ts
  - src/sdk/types/index.ts
  - src/sdk/types/rfcdate.ts
  - tsconfig.json
  - src/sdk/models/operations/addpetform.ts
  - src/sdk/models/operations/addpetjson.ts
  - src/sdk/models/operations/addpetraw.ts
  - src/sdk/models/operations/deletepet.ts
  - src/sdk/models/operations/findpetsbystatus.ts
  - src/sdk/models/operations/findpetsbytags.ts
  - src/sdk/models/operations/getpetbyid.ts
  - src/sdk/models/operations/updatepetwithform.ts
  - src/sdk/models/operations/updatepetform.ts
  - src/sdk/models/operations/updatepetjson.ts
  - src/sdk/models/operations/updatepetraw.ts
  - src/sdk/models/operations/uploadfile.ts
  - src/sdk/models/operations/deleteorder.ts
  - src/sdk/models/operations/getinventory.ts
  - src/sdk/models/operations/getorderbyid.ts
  - src/sdk/models/operations/placeorderform.ts
  - src/sdk/models/operations/placeorderjson.ts
  - src/sdk/models/operations/placeorderraw.ts
  - src/sdk/models/operations/createuserform.ts
  - src/sdk/models/operations/createuserjson.ts
  - src/sdk/models/operations/createuserraw.ts
  - src/sdk/models/operations/createuserswithlistinput.ts
  - src/sdk/models/operations/deleteuser.ts
  - src/sdk/models/operations/getuserbyname.ts
  - src/sdk/models/operations/loginuser.ts
  - src/sdk/models/operations/logoutuser.ts
  - src/sdk/models/operations/updateuserform.ts
  - src/sdk/models/operations/updateuserjson.ts
  - src/sdk/models/operations/updateuserraw.ts
  - src/sdk/models/shared/pet.ts
  - src/sdk/models/shared/tag.ts
  - src/sdk/models/shared/category.ts
  - src/sdk/models/shared/apiresponse.ts
  - src/sdk/models/shared/order.ts
  - src/sdk/models/shared/user.ts
  - src/sdk/models/shared/security.ts
  - src/sdk/models/errors/index.ts
  - src/sdk/models/operations/index.ts
  - src/sdk/models/shared/index.ts
  - docs/sdk/models/operations/addpetformresponse.md
  - docs/sdk/models/operations/addpetjsonresponse.md
  - docs/sdk/models/operations/addpetrawresponse.md
  - docs/sdk/models/operations/deletepetrequest.md
  - docs/sdk/models/operations/deletepetresponse.md
  - docs/sdk/models/operations/status.md
  - docs/sdk/models/operations/findpetsbystatusrequest.md
  - docs/sdk/models/operations/findpetsbystatusresponse.md
  - docs/sdk/models/operations/findpetsbytagsrequest.md
  - docs/sdk/models/operations/findpetsbytagsresponse.md
  - docs/sdk/models/operations/getpetbyidsecurity.md
  - docs/sdk/models/operations/getpetbyidrequest.md
  - docs/sdk/models/operations/getpetbyidresponse.md
  - docs/sdk/models/operations/updatepetwithformrequest.md
  - docs/sdk/models/operations/updatepetwithformresponse.md
  - docs/sdk/models/operations/updatepetformresponse.md
  - docs/sdk/models/operations/updatepetjsonresponse.md
  - docs/sdk/models/operations/updatepetrawresponse.md
  - docs/sdk/models/operations/uploadfilerequest.md
  - docs/sdk/models/operations/uploadfileresponse.md
  - docs/sdk/models/operations/deleteorderrequest.md
  - docs/sdk/models/operations/deleteorderresponse.md
  - docs/sdk/models/operations/getinventorysecurity.md
  - docs/sdk/models/operations/getinventoryresponse.md
  - docs/sdk/models/operations/getorderbyidrequest.md
  - docs/sdk/models/operations/getorderbyidresponse.md
  - docs/sdk/models/operations/placeorderformresponse.md
  - docs/sdk/models/operations/placeorderjsonresponse.md
  - docs/sdk/models/operations/placeorderrawresponse.md
  - docs/sdk/models/operations/createuserformresponse.md
  - docs/sdk/models/operations/createuserjsonresponse.md
  - docs/sdk/models/operations/createuserrawresponse.md
  - docs/sdk/models/operations/createuserswithlistinputresponse.md
  - docs/sdk/models/operations/deleteuserrequest.md
  - docs/sdk/models/operations/deleteuserresponse.md
  - docs/sdk/models/operations/getuserbynamerequest.md
  - docs/sdk/models/operations/getuserbynameresponse.md
  - docs/sdk/models/operations/loginuserrequest.md
  - docs/sdk/models/operations/loginuserresponse.md
  - docs/sdk/models/operations/logoutuserresponse.md
  - docs/sdk/models/operations/updateuserformrequest.md
  - docs/sdk/models/operations/updateuserformresponse.md
  - docs/sdk/models/operations/updateuserjsonrequest.md
  - docs/sdk/models/operations/updateuserjsonresponse.md
  - docs/sdk/models/operations/updateuserrawrequest.md
  - docs/sdk/models/operations/updateuserrawresponse.md
  - docs/sdk/models/shared/petstatus.md
  - docs/sdk/models/shared/pet.md
  - docs/sdk/models/shared/tag.md
  - docs/sdk/models/shared/category.md
  - docs/sdk/models/shared/apiresponse.md
  - docs/sdk/models/shared/status.md
  - docs/sdk/models/shared/order.md
  - docs/sdk/models/shared/user.md
  - docs/sdk/models/shared/security.md
  - docs/sdks/test/README.md
  - docs/sdks/pet/README.md
  - docs/sdks/store/README.md
  - docs/sdks/user/README.md
  - USAGE.md
  - .gitattributes
